<?xml version="1.0" encoding="UTF-8" standalone="yes" ?>
<CodeBlocks_project_file>
	<FileVersion major="1" minor="6" />
	<Project>
		<Option title="demo-sdl" />
		<Option pch_mode="2" />
		<Option compiler="gcc" />
		<Build>
			<Target title="Debug">
				<Option output="bin/Debug/demo-sdl" prefix_auto="1" extension_auto="1" />
				<Option object_output="obj/Debug/" />
				<Option type="1" />
				<Option compiler="gcc" />
				<Compiler>
					<Add option="-g" />
				</Compiler>
			</Target>
			<Target title="Release">
				<Option output="bin/Release/demo-sdl" prefix_auto="1" extension_auto="1" />
				<Option object_output="obj/Release/" />
				<Option type="1" />
				<Option compiler="gcc" />
				<Compiler>
					<Add option="-O2" />
				</Compiler>
				<Linker>
					<Add option="-s" />
				</Linker>
			</Target>
		</Build>
		<Compiler>
			<Add option="-Wall" />
			<Add option="-std=c99" />
			<Add directory="./SDL/SDL2-2.0.7/i686-w64-mingw32/include/SDL2" />
			<Add directory="./SDL/SDL2_image-2.0.2/i686-w64-mingw32/include/SDL2" />
		</Compiler>
		<Linker>
			<Add library="SDL2" />
			<Add library="SDL2main" />
			<Add library="SDL2_image" />
			<Add directory="./SDL/SDL2-2.0.7/i686-w64-mingw32/lib" />
			<Add directory="./SDL/SDL2_image-2.0.2/i686-w64-mingw32/lib" />
		</Linker>
		<Unit filename="global_header.c">
			<Option compilerVar="CC" />
		</Unit>
		<Unit filename="global_header.h" />
		<Unit filename="highgui.c">
			<Option compilerVar="CC" />
		</Unit>
		<Unit filename="highgui.h" />
		<Unit filename="imgproc.c">
			<Option compilerVar="CC" />
		</Unit>
		<Unit filename="imgproc.h" />
		<Unit filename="main.c">
			<Option compilerVar="CC" />
		</Unit>
		<Extensions>
			<code_completion />
			<envvars />
			<debugger />
		</Extensions>
	</Project>
</CodeBlocks_project_file>
